// !$*UTF8*$!
{
	archiveVersion = 1;
	classes = {
	};
	objectVersion = 46;
	objects = {

/* Begin PBXBuildFile section */
		4A8D98E51DC40AF7008D7ABE /* AppDelegate.swift in Sources */ = {isa = PBXBuildFile; fileRef = 4A8D98E41DC40AF7008D7ABE /* AppDelegate.swift */; };
		4A8D98E71DC40AF7008D7ABE /* Assets.xcassets in Resources */ = {isa = PBXBuildFile; fileRef = 4A8D98E61DC40AF7008D7ABE /* Assets.xcassets */; };
		4A8D98EA1DC40AF7008D7ABE /* MainMenu.xib in Resources */ = {isa = PBXBuildFile; fileRef = 4A8D98E81DC40AF7008D7ABE /* MainMenu.xib */; };
		4A8D98F21DC40C7B008D7ABE /* Game.swift in Sources */ = {isa = PBXBuildFile; fileRef = 4A8D98F11DC40C7B008D7ABE /* Game.swift */; };
		4A8D98F61DC449C6008D7ABE /* GameViewController.swift in Sources */ = {isa = PBXBuildFile; fileRef = 4A8D98F51DC449C6008D7ABE /* GameViewController.swift */; };
		4AE429A01DC9D0F8003D15B2 /* OptionsWindowController.swift in Sources */ = {isa = PBXBuildFile; fileRef = 4AE4299E1DC9D0F8003D15B2 /* OptionsWindowController.swift */; };
		4AE429A11DC9D0F8003D15B2 /* OptionsWindowController.xib in Resources */ = {isa = PBXBuildFile; fileRef = 4AE4299F1DC9D0F8003D15B2 /* OptionsWindowController.xib */; };
/* End PBXBuildFile section */

/* Begin PBXFileReference section */
		4A6E32B41DD3121500444B1A /* README.md */ = {isa = PBXFileReference; fileEncoding = 4; lastKnownFileType = net.daringfireball.markdown; path = README.md; sourceTree = "<group>"; };
		4A8D98E11DC40AF7008D7ABE /* minisweeper.app */ = {isa = PBXFileReference; explicitFileType = wrapper.application; includeInIndex = 0; path = minisweeper.app; sourceTree = BUILT_PRODUCTS_DIR; };
		4A8D98E41DC40AF7008D7ABE /* AppDelegate.swift */ = {isa = PBXFileReference; lastKnownFileType = sourcecode.swift; path = AppDelegate.swift; sourceTree = "<group>"; };
		4A8D98E61DC40AF7008D7ABE /* Assets.xcassets */ = {isa = PBXFileReference; lastKnownFileType = folder.assetcatalog; path = Assets.xcassets; sourceTree = "<group>"; };
		4A8D98E91DC40AF7008D7ABE /* Base */ = {isa = PBXFileReference; lastKnownFileType = file.xib; name = Base; path = Base.lproj/MainMenu.xib; sourceTree = "<group>"; };
		4A8D98EB1DC40AF7008D7ABE /* Info.plist */ = {isa = PBXFileReference; lastKnownFileType = text.plist.xml; path = Info.plist; sourceTree = "<group>"; };
		4A8D98F11DC40C7B008D7ABE /* Game.swift */ = {isa = PBXFileReference; fileEncoding = 4; lastKnownFileType = sourcecode.swift; lineEnding = 0; path = Game.swift; sourceTree = "<group>"; xcLanguageSpecificationIdentifier = xcode.lang.swift; };
		4A8D98F51DC449C6008D7ABE /* GameViewController.swift */ = {isa = PBXFileReference; fileEncoding = 4; lastKnownFileType = sourcecode.swift; path = GameViewController.swift; sourceTree = "<group>"; };
		4AC3DDBF1EC2990D00E08B8D /* minisweeper.entitlements */ = {isa = PBXFileReference; lastKnownFileType = text.plist.entitlements; path = minisweeper.entitlements; sourceTree = "<group>"; };
		4AE4299E1DC9D0F8003D15B2 /* OptionsWindowController.swift */ = {isa = PBXFileReference; fileEncoding = 4; lastKnownFileType = sourcecode.swift; path = OptionsWindowController.swift; sourceTree = "<group>"; };
		4AE4299F1DC9D0F8003D15B2 /* OptionsWindowController.xib */ = {isa = PBXFileReference; fileEncoding = 4; lastKnownFileType = file.xib; path = OptionsWindowController.xib; sourceTree = "<group>"; };
/* End PBXFileReference section */

/* Begin PBXFrameworksBuildPhase section */
		4A8D98DE1DC40AF7008D7ABE /* Frameworks */ = {
			isa = PBXFrameworksBuildPhase;
			buildActionMask = 2147483647;
			files = (
			);
			runOnlyForDeploymentPostprocessing = 0;
		};
/* End PBXFrameworksBuildPhase section */

/* Begin PBXGroup section */
		4A8D98D81DC40AF7008D7ABE = {
			isa = PBXGroup;
			children = (
				4A6E32B41DD3121500444B1A /* README.md */,
				4A8D98E31DC40AF7008D7ABE /* minisweeper */,
				4A8D98E21DC40AF7008D7ABE /* Products */,
			);
			sourceTree = "<group>";
		};
		4A8D98E21DC40AF7008D7ABE /* Products */ = {
			isa = PBXGroup;
			children = (
				4A8D98E11DC40AF7008D7ABE /* minisweeper.app */,
			);
			name = Products;
			sourceTree = "<group>";
		};
		4A8D98E31DC40AF7008D7ABE /* minisweeper */ = {
			isa = PBXGroup;
			children = (
				4AE4299F1DC9D0F8003D15B2 /* OptionsWindowController.xib */,
				4A8D98E81DC40AF7008D7ABE /* MainMenu.xib */,
				4A8D98E41DC40AF7008D7ABE /* AppDelegate.swift */,
				4A8D98F51DC449C6008D7ABE /* GameViewController.swift */,
				4AE4299E1DC9D0F8003D15B2 /* OptionsWindowController.swift */,
				4A8D98F11DC40C7B008D7ABE /* Game.swift */,
				4A8D98E61DC40AF7008D7ABE /* Assets.xcassets */,
				4A8D98EB1DC40AF7008D7ABE /* Info.plist */,
				4AC3DDBF1EC2990D00E08B8D /* minisweeper.entitlements */,
			);
			path = minisweeper;
			sourceTree = "<group>";
		};
/* End PBXGroup section */

/* Begin PBXNativeTarget section */
		4A8D98E01DC40AF7008D7ABE /* minisweeper */ = {
			isa = PBXNativeTarget;
			buildConfigurationList = 4A8D98EE1DC40AF7008D7ABE /* Build configuration list for PBXNativeTarget "minisweeper" */;
			buildPhases = (
				4A8D98DD1DC40AF7008D7ABE /* Sources */,
				4A8D98DE1DC40AF7008D7ABE /* Frameworks */,
				4A8D98DF1DC40AF7008D7ABE /* Resources */,
			);
			buildRules = (
			);
			dependencies = (
			);
			name = minisweeper;
			productName = minisweeper;
			productReference = 4A8D98E11DC40AF7008D7ABE /* minisweeper.app */;
			productType = "com.apple.product-type.application";
		};
/* End PBXNativeTarget section */

/* Begin PBXProject section */
		4A8D98D91DC40AF7008D7ABE /* Project object */ = {
			isa = PBXProject;
			attributes = {
				LastSwiftUpdateCheck = 0810;
				LastUpgradeCheck = 0900;
				ORGANIZATIONNAME = Gofake1;
				TargetAttributes = {
					4A8D98E01DC40AF7008D7ABE = {
						CreatedOnToolsVersion = 8.1;
						DevelopmentTeam = W6KLMFETUQ;
						LastSwiftMigration = 0900;
						ProvisioningStyle = Automatic;
						SystemCapabilities = {
							com.apple.Sandbox = {
								enabled = 1;
							};
						};
					};
				};
			};
			buildConfigurationList = 4A8D98DC1DC40AF7008D7ABE /* Build configuration list for PBXProject "minisweeper" */;
			compatibilityVersion = "Xcode 3.2";
			developmentRegion = English;
			hasScannedForEncodings = 0;
			knownRegions = (
				en,
				Base,
			);
			mainGroup = 4A8D98D81DC40AF7008D7ABE;
			productRefGroup = 4A8D98E21DC40AF7008D7ABE /* Products */;
			projectDirPath = "";
			projectRoot = "";
			targets = (
				4A8D98E01DC40AF7008D7ABE /* minisweeper */,
			);
		};
/* End PBXProject section */

/* Begin PBXResourcesBuildPhase section */
		4A8D98DF1DC40AF7008D7ABE /* Resources */ = {
			isa = PBXResourcesBuildPhase;
			buildActionMask = 2147483647;
			files = (
				4A8D98E71DC40AF7008D7ABE /* Assets.xcassets in Resources */,
				4A8D98EA1DC40AF7008D7ABE /* MainMenu.xib in Resources */,
				4AE429A11DC9D0F8003D15B2 /* OptionsWindowController.xib in Resources */,
			);
			runOnlyForDeploymentPostprocessing = 0;
		};
/* End PBXResourcesBuildPhase section */

/* Begin PBXSourcesBuildPhase section */
		4A8D98DD1DC40AF7008D7ABE /* Sources */ = {
			isa = PBXSourcesBuildPhase;
			buildActionMask = 2147483647;
			files = (
				4AE429A01DC9D0F8003D15B2 /* OptionsWindowController.swift in Sources */,
				4A8D98F61DC449C6008D7ABE /* GameViewController.swift in Sources */,
				4A8D98E51DC40AF7008D7ABE /* AppDelegate.swift in Sources */,
				4A8D98F21DC40C7B008D7ABE /* Game.swift in Sources */,
			);
			runOnlyForDeploymentPostprocessing = 0;
		};
/* End PBXSourcesBuildPhase section */

/* Begin PBXVariantGroup section */
		4A8D98E81DC40AF7008D7ABE /* MainMenu.xib */ = {
			isa = PBXVariantGroup;
			children = (
				4A8D98E91DC40AF7008D7ABE /* Base */,
			);
			name = MainMenu.xib;
			sourceTree = "<group>";
		};
/* End PBXVariantGroup section */

/* Begin XCBuildConfiguration section */
		4A8D98EC1DC40AF7008D7ABE /* Debug */ = {
			isa = XCBuildConfiguration;
			buildSettings = {
				ALWAYS_SEARCH_USER_PATHS = NO;
				CLANG_ANALYZER_NONNULL = YES;
				CLANG_CXX_LANGUAGE_STANDARD = "gnu++0x";
				CLANG_CXX_LIBRARY = "libc++";
				CLANG_ENABLE_MODULES = YES;
				CLANG_ENABLE_OBJC_ARC = YES;
				CLANG_WARN_BLOCK_CAPTURE_AUTORELEASING = YES;
				CLANG_WARN_BOOL_CONVERSION = YES;
				CLANG_WARN_COMMA = YES;
				CLANG_WARN_CONSTANT_CONVERSION = YES;
				CLANG_WARN_DIRECT_OBJC_ISA_USAGE = YES_ERROR;
				CLANG_WARN_DOCUMENTATION_COMMENTS = YES;
				CLANG_WARN_EMPTY_BODY = YES;
				CLANG_WARN_ENUM_CONVERSION = YES;
				CLANG_WARN_INFINITE_RECURSION = YES;
				CLANG_WARN_INT_CONVERSION = YES;
				CLANG_WARN_NON_LITERAL_NULL_CONVERSION = YES;
				CLANG_WARN_OBJC_LITERAL_CONVERSION = YES;
				CLANG_WARN_OBJC_ROOT_CLASS = YES_ERROR;
				CLANG_WARN_RANGE_LOOP_ANALYSIS = YES;
				CLANG_WARN_STRICT_PROTOTYPES = YES;
				CLANG_WARN_SUSPICIOUS_MOVE = YES;
				CLANG_WARN_SUSPICIOUS_MOVES = YES;
				CLANG_WARN_UNREACHABLE_CODE = YES;
				CLANG_WARN__DUPLICATE_METHOD_MATCH = YES;
				CODE_SIGN_IDENTITY = "-";
				COPY_PHASE_STRIP = NO;
				DEBUG_INFORMATION_FORMAT = dwarf;
				ENABLE_STRICT_OBJC_MSGSEND = YES;
				ENABLE_TESTABILITY = YES;
				GCC_C_LANGUAGE_STANDARD = gnu99;
				GCC_DYNAMIC_NO_PIC = NO;
				GCC_NO_COMMON_BLOCKS = YES;
				GCC_OPTIMIZATION_LEVEL = 0;
				GCC_PREPROCESSOR_DEFINITIONS = (
					"DEBUG=1",
					"$(inherited)",
				);
				GCC_WARN_64_TO_32_BIT_CONVERSION = YES;
				GCC_WARN_ABOUT_RETURN_TYPE = YES_ERROR;
				GCC_WARN_UNDECLARED_SELECTOR = YES;
				GCC_WARN_UNINITIALIZED_AUTOS = YES_AGGRESSIVE;
				GCC_WARN_UNUSED_FUNCTION = YES;
				GCC_WARN_UNUSED_VARIABLE = YES;
				MACOSX_DEPLOYMENT_TARGET = 10.12;
				MTL_ENABLE_DEBUG_INFO = YES;
				ONLY_ACTIVE_ARCH = YES;
				SDKROOT = macosx;
				SWIFT_ACTIVE_COMPILATION_CONDITIONS = DEBUG;
				SWIFT_OPTIMIZATION_LEVEL = "-Onone";
				SWIFT_SWIFT3_OBJC_INFERENCE = Off;
				SWIFT_VERSION = 4.0;
			};
			name = Debug;
		};
		4A8D98ED1DC40AF7008D7ABE /* Release */ = {
			isa = XCBuildConfiguration;
			buildSettings = {
				ALWAYS_SEARCH_USER_PATHS = NO;
				CLANG_ANALYZER_NONNULL = YES;
				CLANG_CXX_LANGUAGE_STANDARD = "gnu++0x";
				CLANG_CXX_LIBRARY = "libc++";
				CLANG_ENABLE_MODULES = YES;
				CLANG_ENABLE_OBJC_ARC = YES;
				CLANG_WARN_BLOCK_CAPTURE_AUTORELEASING = YES;
				CLANG_WARN_BOOL_CONVERSION = YES;
				CLANG_WARN_COMMA = YES;
				CLANG_WARN_CONSTANT_CONVERSION = YES;
				CLANG_WARN_DIRECT_OBJC_ISA_USAGE = YES_ERROR;
				CLANG_WARN_DOCUMENTATION_COMMENTS = YES;
				CLANG_WARN_EMPTY_BODY = YES;
				CLANG_WARN_ENUM_CONVERSION = YES;
				CLANG_WARN_INFINITE_RECURSION = YES;
				CLANG_WARN_INT_CONVERSION = YES;
				CLANG_WARN_NON_LITERAL_NULL_CONVERSION = YES;
				CLANG_WARN_OBJC_LITERAL_CONVERSION = YES;
				CLANG_WARN_OBJC_ROOT_CLASS = YES_ERROR;
				CLANG_WARN_RANGE_LOOP_ANALYSIS = YES;
				CLANG_WARN_STRICT_PROTOTYPES = YES;
				CLANG_WARN_SUSPICIOUS_MOVE = YES;
				CLANG_WARN_SUSPICIOUS_MOVES = YES;
				CLANG_WARN_UNREACHABLE_CODE = YES;
				CLANG_WARN__DUPLICATE_METHOD_MATCH = YES;
				CODE_SIGN_IDENTITY = "-";
				COPY_PHASE_STRIP = NO;
				DEBUG_INFORMATION_FORMAT = "dwarf-with-dsym";
				ENABLE_NS_ASSERTIONS = NO;
				ENABLE_STRICT_OBJC_MSGSEND = YES;
				GCC_C_LANGUAGE_STANDARD = gnu99;
				GCC_NO_COMMON_BLOCKS = YES;
				GCC_WARN_64_TO_32_BIT_CONVERSION = YES;
				GCC_WARN_ABOUT_RETURN_TYPE = YES_ERROR;
				GCC_WARN_UNDECLARED_SELECTOR = YES;
				GCC_WARN_UNINITIALIZED_AUTOS = YES_AGGRESSIVE;
				GCC_WARN_UNUSED_FUNCTION = YES;
				GCC_WARN_UNUSED_VARIABLE = YES;
				MACOSX_DEPLOYMENT_TARGET = 10.12;
				MTL_ENABLE_DEBUG_INFO = NO;
				SDKROOT = macosx;
				SWIFT_OPTIMIZATION_LEVEL = "-Owholemodule";
				SWIFT_SWIFT3_OBJC_INFERENCE = Off;
				SWIFT_VERSION = 4.0;
			};
			name = Release;
		};
		4A8D98EF1DC40AF7008D7ABE /* Debug */ = {
			isa = XCBuildConfiguration;
			buildSettings = {
				ASSETCATALOG_COMPILER_APPICON_NAME = AppIcon;
				CODE_SIGN_ENTITLEMENTS = minisweeper/minisweeper.entitlements;
				CODE_SIGN_IDENTITY = "Mac Developer";
				CODE_SIGN_STYLE = Automatic;
				COMBINE_HIDPI_IMAGES = YES;
				DEVELOPMENT_TEAM = W6KLMFETUQ;
				INFOPLIST_FILE = minisweeper/Info.plist;
				LD_RUNPATH_SEARCH_PATHS = "$(inherited) @executable_path/../Frameworks";
				PRODUCT_BUNDLE_IDENTIFIER = net.gofake1.minisweeper;
				PRODUCT_NAME = "$(TARGET_NAME)";
				PROVISIONING_PROFILE_SPECIFIER = "";
				SWIFT_SWIFT3_OBJC_INFERENCE = Off;
				SWIFT_VERSION = 4.0;
			};
			name = Debug;
		};
		4A8D98F01DC40AF7008D7ABE /* Release */ = {
			isa = XCBuildConfiguration;
			buildSettings = {
				ASSETCATALOG_COMPILER_APPICON_NAME = AppIcon;
				CODE_SIGN_ENTITLEMENTS = minisweeper/minisweeper.entitlements;
				CODE_SIGN_IDENTITY = "Mac Developer";
				CODE_SIGN_STYLE = Automatic;
				COMBINE_HIDPI_IMAGES = YES;
				DEVELOPMENT_TEAM = W6KLMFETUQ;
				INFOPLIST_FILE = minisweeper/Info.plist;
				LD_RUNPATH_SEARCH_PATHS = "$(inherited) @executable_path/../Frameworks";
				PRODUCT_BUNDLE_IDENTIFIER = net.gofake1.minisweeper;
				PRODUCT_NAME = "$(TARGET_NAME)";
				PROVISIONING_PROFILE_SPECIFIER = "";
				SWIFT_SWIFT3_OBJC_INFERENCE = Off;
				SWIFT_VERSION = 4.0;
			};
			name = Release;
		};
/* End XCBuildConfiguration section */

/* Begin XCConfigurationList section */
		4A8D98DC1DC40AF7008D7ABE /* Build configuration list for PBXProject "minisweeper" */ = {
			isa = XCConfigurationList;
			buildConfigurations = (
				4A8D98EC1DC40AF7008D7ABE /* Debug */,
				4A8D98ED1DC40AF7008D7ABE /* Release */,
			);
			defaultConfigurationIsVisible = 0;
			defaultConfigurationName = Release;
		};
		4A8D98EE1DC40AF7008D7ABE /* Build configuration list for PBXNativeTarget "minisweeper" */ = {
			isa = XCConfigurationList;
			buildConfigurations = (
				4A8D98EF1DC40AF7008D7ABE /* Debug */,
				4A8D98F01DC40AF7008D7ABE /* Release */,
			);
			defaultConfigurationIsVisible = 0;
			defaultConfigurationName = Release;
		};
/* End XCConfigurationList section */
	};
	rootObject = 4A8D98D91DC40AF7008D7ABE /* Project object */;
}
